// !$*UTF8*$!
{
	archiveVersion = 1;
	classes = {
	};
	objectVersion = 46;
	objects = {

/* Begin PBXBuildFile section */
		A6813DE71E14F62A008C992E /* main.swift in Sources */ = {isa = PBXBuildFile; fileRef = A6813DE61E14F62A008C992E /* main.swift */; };
		A6813DEF1E14F946008C992E /* Box.swift in Sources */ = {isa = PBXBuildFile; fileRef = A6813DEE1E14F946008C992E /* Box.swift */; };
		A6813DF11E150D3F008C992E /* Array+Box.swift in Sources */ = {isa = PBXBuildFile; fileRef = A6813DF01E150D3F008C992E /* Array+Box.swift */; };
		A6813DF61E15309B008C992E /* BoxType.swift in Sources */ = {isa = PBXBuildFile; fileRef = A6813DF51E15309B008C992E /* BoxType.swift */; };
		A6813DF81E1530EF008C992E /* Array+BoxType.swift in Sources */ = {isa = PBXBuildFile; fileRef = A6813DF71E1530EF008C992E /* Array+BoxType.swift */; };
		A6813DFC1E1586C6008C992E /* Container.swift in Sources */ = {isa = PBXBuildFile; fileRef = A6813DFB1E1586C6008C992E /* Container.swift */; };
		A6813E021E15B666008C992E /* Point.swift in Sources */ = {isa = PBXBuildFile; fileRef = A6813E011E15B666008C992E /* Point.swift */; };
/* End PBXBuildFile section */

/* Begin PBXCopyFilesBuildPhase section */
		A6813DE11E14F629008C992E /* CopyFiles */ = {
			isa = PBXCopyFilesBuildPhase;
			buildActionMask = 2147483647;
			dstPath = /usr/share/man/man1/;
			dstSubfolderSpec = 0;
			files = (
			);
			runOnlyForDeploymentPostprocessing = 1;
		};
/* End PBXCopyFilesBuildPhase section */

/* Begin PBXFileReference section */
		A6813DE31E14F62A008C992E /* Packing */ = {isa = PBXFileReference; explicitFileType = "compiled.mach-o.executable"; includeInIndex = 0; path = Packing; sourceTree = BUILT_PRODUCTS_DIR; };
		A6813DE61E14F62A008C992E /* main.swift */ = {isa = PBXFileReference; lastKnownFileType = sourcecode.swift; path = main.swift; sourceTree = "<group>"; };
		A6813DEE1E14F946008C992E /* Box.swift */ = {isa = PBXFileReference; fileEncoding = 4; lastKnownFileType = sourcecode.swift; path = Box.swift; sourceTree = "<group>"; };
		A6813DF01E150D3F008C992E /* Array+Box.swift */ = {isa = PBXFileReference; fileEncoding = 4; lastKnownFileType = sourcecode.swift; path = "Array+Box.swift"; sourceTree = "<group>"; };
		A6813DF51E15309B008C992E /* BoxType.swift */ = {isa = PBXFileReference; fileEncoding = 4; lastKnownFileType = sourcecode.swift; path = BoxType.swift; sourceTree = "<group>"; };
		A6813DF71E1530EF008C992E /* Array+BoxType.swift */ = {isa = PBXFileReference; fileEncoding = 4; lastKnownFileType = sourcecode.swift; path = "Array+BoxType.swift"; sourceTree = "<group>"; };
		A6813DFB1E1586C6008C992E /* Container.swift */ = {isa = PBXFileReference; fileEncoding = 4; lastKnownFileType = sourcecode.swift; path = Container.swift; sourceTree = "<group>"; };
		A6813E011E15B666008C992E /* Point.swift */ = {isa = PBXFileReference; fileEncoding = 4; lastKnownFileType = sourcecode.swift; path = Point.swift; sourceTree = "<group>"; };
/* End PBXFileReference section */

/* Begin PBXFrameworksBuildPhase section */
		A6813DE01E14F629008C992E /* Frameworks */ = {
			isa = PBXFrameworksBuildPhase;
			buildActionMask = 2147483647;
			files = (
			);
			runOnlyForDeploymentPostprocessing = 0;
		};
/* End PBXFrameworksBuildPhase section */

/* Begin PBXGroup section */
		A6813DDA1E14F629008C992E = {
			isa = PBXGroup;
			children = (
				A6813DE51E14F62A008C992E /* Packing */,
				A6813DE41E14F62A008C992E /* Products */,
			);
			sourceTree = "<group>";
		};
		A6813DE41E14F62A008C992E /* Products */ = {
			isa = PBXGroup;
			children = (
				A6813DE31E14F62A008C992E /* Packing */,
			);
			name = Products;
			sourceTree = "<group>";
		};
		A6813DE51E14F62A008C992E /* Packing */ = {
			isa = PBXGroup;
			children = (
				A6813DED1E14F920008C992E /* Model */,
				A6813DE61E14F62A008C992E /* main.swift */,
			);
			path = Packing;
			sourceTree = "<group>";
		};
		A6813DED1E14F920008C992E /* Model */ = {
			isa = PBXGroup;
			children = (
				A6813E001E15B659008C992E /* Point */,
				A6813DFA1E1586B5008C992E /* Container */,
				A6813DF91E1530FC008C992E /* Box */,
				A6813DF41E153084008C992E /* BoxType */,
			);
			name = Model;
			sourceTree = "<group>";
		};
		A6813DF41E153084008C992E /* BoxType */ = {
			isa = PBXGroup;
			children = (
				A6813DF51E15309B008C992E /* BoxType.swift */,
				A6813DF71E1530EF008C992E /* Array+BoxType.swift */,
			);
			name = BoxType;
			sourceTree = "<group>";
		};
		A6813DF91E1530FC008C992E /* Box */ = {
			isa = PBXGroup;
			children = (
				A6813DEE1E14F946008C992E /* Box.swift */,
				A6813DF01E150D3F008C992E /* Array+Box.swift */,
			);
			name = Box;
			sourceTree = "<group>";
		};
		A6813DFA1E1586B5008C992E /* Container */ = {
			isa = PBXGroup;
			children = (
				A6813DFB1E1586C6008C992E /* Container.swift */,
			);
			name = Container;
			sourceTree = "<group>";
		};
		A6813E001E15B659008C992E /* Point */ = {
			isa = PBXGroup;
			children = (
				A6813E011E15B666008C992E /* Point.swift */,
			);
			name = Point;
			sourceTree = "<group>";
		};
/* End PBXGroup section */

/* Begin PBXNativeTarget section */
		A6813DE21E14F629008C992E /* Packing */ = {
			isa = PBXNativeTarget;
			buildConfigurationList = A6813DEA1E14F62A008C992E /* Build configuration list for PBXNativeTarget "Packing" */;
			buildPhases = (
				A6813DDF1E14F629008C992E /* Sources */,
				A6813DE01E14F629008C992E /* Frameworks */,
				A6813DE11E14F629008C992E /* CopyFiles */,
			);
			buildRules = (
			);
			dependencies = (
			);
			name = Packing;
			productName = Packing;
			productReference = A6813DE31E14F62A008C992E /* Packing */;
			productType = "com.apple.product-type.tool";
		};
/* End PBXNativeTarget section */

/* Begin PBXProject section */
		A6813DDB1E14F629008C992E /* Project object */ = {
			isa = PBXProject;
			attributes = {
				LastSwiftUpdateCheck = 0820;
				LastUpgradeCheck = 0820;
				ORGANIZATIONNAME = zzheads;
				TargetAttributes = {
					A6813DE21E14F629008C992E = {
						CreatedOnToolsVersion = 8.2.1;
						DevelopmentTeam = RS93W547X8;
						ProvisioningStyle = Automatic;
					};
				};
			};
			buildConfigurationList = A6813DDE1E14F629008C992E /* Build configuration list for PBXProject "Packing" */;
			compatibilityVersion = "Xcode 3.2";
			developmentRegion = English;
			hasScannedForEncodings = 0;
			knownRegions = (
				en,
			);
			mainGroup = A6813DDA1E14F629008C992E;
			productRefGroup = A6813DE41E14F62A008C992E /* Products */;
			projectDirPath = "";
			projectRoot = "";
			targets = (
				A6813DE21E14F629008C992E /* Packing */,
			);
		};
/* End PBXProject section */

/* Begin PBXSourcesBuildPhase section */
		A6813DDF1E14F629008C992E /* Sources */ = {
			isa = PBXSourcesBuildPhase;
			buildActionMask = 2147483647;
			files = (
				A6813DE71E14F62A008C992E /* main.swift in Sources */,
				A6813DFC1E1586C6008C992E /* Container.swift in Sources */,
				A6813DF11E150D3F008C992E /* Array+Box.swift in Sources */,
				A6813DF81E1530EF008C992E /* Array+BoxType.swift in Sources */,
				A6813E021E15B666008C992E /* Point.swift in Sources */,
				A6813DEF1E14F946008C992E /* Box.swift in Sources */,
				A6813DF61E15309B008C992E /* BoxType.swift in Sources */,
			);
			runOnlyForDeploymentPostprocessing = 0;
		};
/* End PBXSourcesBuildPhase section */

/* Begin XCBuildConfiguration section */
		A6813DE81E14F62A008C992E /* Debug */ = {
			isa = XCBuildConfiguration;
			buildSettings = {
				ALWAYS_SEARCH_USER_PATHS = NO;
				CLANG_ANALYZER_NONNULL = YES;
				CLANG_CXX_LANGUAGE_STANDARD = "gnu++0x";
				CLANG_CXX_LIBRARY = "libc++";
				CLANG_ENABLE_MODULES = YES;
				CLANG_ENABLE_OBJC_ARC = YES;
				CLANG_WARN_BOOL_CONVERSION = YES;
				CLANG_WARN_CONSTANT_CONVERSION = YES;
				CLANG_WARN_DIRECT_OBJC_ISA_USAGE = YES_ERROR;
				CLANG_WARN_DOCUMENTATION_COMMENTS = YES;
				CLANG_WARN_EMPTY_BODY = YES;
				CLANG_WARN_ENUM_CONVERSION = YES;
				CLANG_WARN_INFINITE_RECURSION = YES;
				CLANG_WARN_INT_CONVERSION = YES;
				CLANG_WARN_OBJC_ROOT_CLASS = YES_ERROR;
				CLANG_WARN_SUSPICIOUS_MOVE = YES;
				CLANG_WARN_UNREACHABLE_CODE = YES;
				CLANG_WARN__DUPLICATE_METHOD_MATCH = YES;
				CODE_SIGN_IDENTITY = "-";
				COPY_PHASE_STRIP = NO;
				DEBUG_INFORMATION_FORMAT = dwarf;
				ENABLE_STRICT_OBJC_MSGSEND = YES;
				ENABLE_TESTABILITY = YES;
				GCC_C_LANGUAGE_STANDARD = gnu99;
				GCC_DYNAMIC_NO_PIC = NO;
				GCC_NO_COMMON_BLOCKS = YES;
				GCC_OPTIMIZATION_LEVEL = 0;
				GCC_PREPROCESSOR_DEFINITIONS = (
					"DEBUG=1",
					"$(inherited)",
				);
				GCC_WARN_64_TO_32_BIT_CONVERSION = YES;
				GCC_WARN_ABOUT_RETURN_TYPE = YES_ERROR;
				GCC_WARN_UNDECLARED_SELECTOR = YES;
				GCC_WARN_UNINITIALIZED_AUTOS = YES_AGGRESSIVE;
				GCC_WARN_UNUSED_FUNCTION = YES;
				GCC_WARN_UNUSED_VARIABLE = YES;
				MACOSX_DEPLOYMENT_TARGET = 10.12;
				MTL_ENABLE_DEBUG_INFO = YES;
				ONLY_ACTIVE_ARCH = YES;
				SDKROOT = macosx;
				SWIFT_OPTIMIZATION_LEVEL = "-Onone";
			};
			name = Debug;
		};
		A6813DE91E14F62A008C992E /* Release */ = {
			isa = XCBuildConfiguration;
			buildSettings = {
				ALWAYS_SEARCH_USER_PATHS = NO;
				CLANG_ANALYZER_NONNULL = YES;
				CLANG_CXX_LANGUAGE_STANDARD = "gnu++0x";
				CLANG_CXX_LIBRARY = "libc++";
				CLANG_ENABLE_MODULES = YES;
				CLANG_ENABLE_OBJC_ARC = YES;
				CLANG_WARN_BOOL_CONVERSION = YES;
				CLANG_WARN_CONSTANT_CONVERSION = YES;
				CLANG_WARN_DIRECT_OBJC_ISA_USAGE = YES_ERROR;
				CLANG_WARN_DOCUMENTATION_COMMENTS = YES;
				CLANG_WARN_EMPTY_BODY = YES;
				CLANG_WARN_ENUM_CONVERSION = YES;
				CLANG_WARN_INFINITE_RECURSION = YES;
				CLANG_WARN_INT_CONVERSION = YES;
				CLANG_WARN_OBJC_ROOT_CLASS = YES_ERROR;
				CLANG_WARN_SUSPICIOUS_MOVE = YES;
				CLANG_WARN_UNREACHABLE_CODE = YES;
				CLANG_WARN__DUPLICATE_METHOD_MATCH = YES;
				CODE_SIGN_IDENTITY = "-";
				COPY_PHASE_STRIP = NO;
				DEBUG_INFORMATION_FORMAT = "dwarf-with-dsym";
				ENABLE_NS_ASSERTIONS = NO;
				ENABLE_STRICT_OBJC_MSGSEND = YES;
				GCC_C_LANGUAGE_STANDARD = gnu99;
				GCC_NO_COMMON_BLOCKS = YES;
				GCC_WARN_64_TO_32_BIT_CONVERSION = YES;
				GCC_WARN_ABOUT_RETURN_TYPE = YES_ERROR;
				GCC_WARN_UNDECLARED_SELECTOR = YES;
				GCC_WARN_UNINITIALIZED_AUTOS = YES_AGGRESSIVE;
				GCC_WARN_UNUSED_FUNCTION = YES;
				GCC_WARN_UNUSED_VARIABLE = YES;
				MACOSX_DEPLOYMENT_TARGET = 10.12;
				MTL_ENABLE_DEBUG_INFO = NO;
				SDKROOT = macosx;
			};
			name = Release;
		};
		A6813DEB1E14F62A008C992E /* Debug */ = {
			isa = XCBuildConfiguration;
			buildSettings = {
				DEVELOPMENT_TEAM = RS93W547X8;
				PRODUCT_NAME = "$(TARGET_NAME)";
				SWIFT_VERSION = 3.0;
			};
			name = Debug;
		};
		A6813DEC1E14F62A008C992E /* Release */ = {
			isa = XCBuildConfiguration;
			buildSettings = {
				DEVELOPMENT_TEAM = RS93W547X8;
				PRODUCT_NAME = "$(TARGET_NAME)";
				SWIFT_VERSION = 3.0;
			};
			name = Release;
		};
/* End XCBuildConfiguration section */

/* Begin XCConfigurationList section */
		A6813DDE1E14F629008C992E /* Build configuration list for PBXProject "Packing" */ = {
			isa = XCConfigurationList;
			buildConfigurations = (
				A6813DE81E14F62A008C992E /* Debug */,
				A6813DE91E14F62A008C992E /* Release */,
			);
			defaultConfigurationIsVisible = 0;
			defaultConfigurationName = Release;
		};
		A6813DEA1E14F62A008C992E /* Build configuration list for PBXNativeTarget "Packing" */ = {
			isa = XCConfigurationList;
			buildConfigurations = (
				A6813DEB1E14F62A008C992E /* Debug */,
				A6813DEC1E14F62A008C992E /* Release */,
			);
			defaultConfigurationIsVisible = 0;
			defaultConfigurationName = Release;
		};
/* End XCConfigurationList section */
	};
	rootObject = A6813DDB1E14F629008C992E /* Project object */;
}
